
Microsoft Visual Studio Solution File, Format Version 12.00
# Visual Studio Version 17
VisualStudioVersion = 17.4.33213.308
MinimumVisualStudioVersion = 10.0.40219.1
Project("{FAE04EC0-301F-11D3-BF4B-00C04F79EFBC}") = "QuackLibs.FilterBuilder", "QuackLibs.FilterBuilder\QuackLibs.FilterBuilder.csproj", "{57617B9D-2D52-47C9-8108-F788D1EEA135}"
EndProject
Project("{2150E333-8FDC-42A3-9474-1A3956D46DE8}") = "Tests", "Tests", "{77C71A96-F3E0-447E-B3D2-9A21E106514F}"
EndProject
Project("{FAE04EC0-301F-11D3-BF4B-00C04F79EFBC}") = "QuackLibs.FilterBuilder.Tests", "QuackLibs.FilterBuilder.Tests\QuackLibs.FilterBuilder.Tests.csproj", "{677978FE-9E33-4D88-8DC1-C1D3AAA64E7D}"
EndProject
Global
	GlobalSection(SolutionConfigurationPlatforms) = preSolution
		Debug|Any CPU = Debug|Any CPU
		Release|Any CPU = Release|Any CPU
	EndGlobalSection
	GlobalSection(ProjectConfigurationPlatforms) = postSolution
		{57617B9D-2D52-47C9-8108-F788D1EEA135}.Debug|Any CPU.ActiveCfg = Debug|Any CPU
		{57617B9D-2D52-47C9-8108-F788D1EEA135}.Debug|Any CPU.Build.0 = Debug|Any CPU
		{57617B9D-2D52-47C9-8108-F788D1EEA135}.Release|Any CPU.ActiveCfg = Release|Any CPU
		{57617B9D-2D52-47C9-8108-F788D1EEA135}.Release|Any CPU.Build.0 = Release|Any CPU
		{677978FE-9E33-4D88-8DC1-C1D3AAA64E7D}.Debug|Any CPU.ActiveCfg = Debug|Any CPU
		{677978FE-9E33-4D88-8DC1-C1D3AAA64E7D}.Debug|Any CPU.Build.0 = Debug|Any CPU
		{677978FE-9E33-4D88-8DC1-C1D3AAA64E7D}.Release|Any CPU.ActiveCfg = Release|Any CPU
		{677978FE-9E33-4D88-8DC1-C1D3AAA64E7D}.Release|Any CPU.Build.0 = Release|Any CPU
	EndGlobalSection
	GlobalSection(SolutionProperties) = preSolution
		HideSolutionNode = FALSE
	EndGlobalSection
	GlobalSection(NestedProjects) = preSolution
		{677978FE-9E33-4D88-8DC1-C1D3AAA64E7D} = {77C71A96-F3E0-447E-B3D2-9A21E106514F}
	EndGlobalSection
	GlobalSection(ExtensibilityGlobals) = postSolution
		SolutionGuid = {572DEC8B-513C-4696-9D52-8D477ED3A525}
	EndGlobalSection
EndGlobal
